
Microsoft Visual Studio Solution File, Format Version 12.00
# Visual Studio Version 17
VisualStudioVersion = 17.2.32630.192
MinimumVisualStudioVersion = 10.0.40219.1
Project("{FAE04EC0-301F-11D3-BF4B-00C04F79EFBC}") = "NewHelloWorld", "NewHelloWorld\NewHelloWorld.csproj", "{BE54DC09-3A9D-4682-9294-B084764898D6}"
EndProject
Global
	GlobalSection(SolutionConfigurationPlatforms) = preSolution
		Debug|Any CPU = Debug|Any CPU
		Release|Any CPU = Release|Any CPU
	EndGlobalSection
	GlobalSection(ProjectConfigurationPlatforms) = postSolution
		{BE54DC09-3A9D-4682-9294-B084764898D6}.Debug|Any CPU.ActiveCfg = Debug|Any CPU
		{BE54DC09-3A9D-4682-9294-B084764898D6}.Debug|Any CPU.Build.0 = Debug|Any CPU
		{BE54DC09-3A9D-4682-9294-B084764898D6}.Release|Any CPU.ActiveCfg = Release|Any CPU
		{BE54DC09-3A9D-4682-9294-B084764898D6}.Release|Any CPU.Build.0 = Release|Any CPU
	EndGlobalSection
	GlobalSection(SolutionProperties) = preSolution
		HideSolutionNode = FALSE
	EndGlobalSection
	GlobalSection(ExtensibilityGlobals) = postSolution
		SolutionGuid = {3414ED8C-4151-4251-8BA3-5603044F2A13}
	EndGlobalSection
EndGlobal
